<?xml version="1.0" encoding="UTF-8" standalone="yes" ?>
<CodeBlocks_project_file>
	<FileVersion major="1" minor="6" />
	<Project>
		<Option title="INF3_Prak" />
		<Option makefile_is_custom="1" />
		<Option pch_mode="2" />
		<Option compiler="gcc" />
		<Build>
			<Target title="Release">
				<Option output="bin/Release/INF3_Prak" prefix_auto="1" extension_auto="1" />
				<Option object_output="obj/Release/" />
				<Option type="1" />
				<Option compiler="gcc" />
				<Compiler>
					<Add option="-O2" />
				</Compiler>
				<Linker>
					<Add option="-s" />
				</Linker>
			</Target>
			<Target title="all">
				<Option output="INF3_Prak" prefix_auto="1" extension_auto="1" />
				<Option type="0" />
				<Option compiler="gcc" />
			</Target>
			<Target title="clean">
				<Option output="INF3_Prak" prefix_auto="1" extension_auto="1" />
				<Option type="0" />
				<Option compiler="gcc" />
			</Target>
			<Target title="doc">
				<Option output="INF3_Prak" prefix_auto="1" extension_auto="1" />
				<Option type="0" />
				<Option compiler="gcc" />
			</Target>
		</Build>
		<Compiler>
			<Add option="-Wall" />
		</Compiler>
		<Unit filename="Doxyfile">
			<Option target="Release" />
		</Unit>
		<Unit filename="LICENSE">
			<Option target="Release" />
		</Unit>
		<Unit filename="Makefile">
			<Option target="Release" />
		</Unit>
		<Unit filename="README.md">
			<Option target="Release" />
		</Unit>
		<Unit filename="SHA256.C">
			<Option compilerVar="CC" />
			<Option target="Release" />
		</Unit>
		<Unit filename="SHA256.H">
			<Option target="Release" />
		</Unit>
		<Unit filename="SIMPLESOCKET.C">
			<Option compilerVar="CC" />
			<Option target="Release" />
		</Unit>
		<Unit filename="SIMPLESOCKET.H">
			<Option target="Release" />
		</Unit>
		<Unit filename="TASK1.C">
			<Option compilerVar="CC" />
			<Option target="Release" />
		</Unit>
		<Unit filename="TASK1.H">
			<Option target="Release" />
		</Unit>
		<Unit filename="client.C">
			<Option compilerVar="CC" />
			<Option target="Release" />
		</Unit>
		<Unit filename="main.C">
			<Option compilerVar="CC" />
			<Option target="Release" />
		</Unit>
		<Unit filename="server.C">
			<Option compilerVar="CC" />
			<Option target="Release" />
		</Unit>
		<Extensions>
			<code_completion />
			<debugger />
		</Extensions>
	</Project>
</CodeBlocks_project_file>
